
Microsoft Visual Studio Solution File, Format Version 12.00
# Visual Studio Version 17
VisualStudioVersion = 17.12.35514.174
MinimumVisualStudioVersion = 10.0.40219.1
Project("{FAE04EC0-301F-11D3-BF4B-00C04F79EFBC}") = "MusicApp.Web", "MusicApp.Web\MusicApp.Web.csproj", "{A771078C-AB46-4E56-A212-3AC33EC9A22C}"
EndProject
Project("{FAE04EC0-301F-11D3-BF4B-00C04F79EFBC}") = "MusicApp.Data", "MusicApp.Data\MusicApp.Data.csproj", "{4EF72876-A8B1-4406-8F2D-8E4604894961}"
EndProject
Project("{FAE04EC0-301F-11D3-BF4B-00C04F79EFBC}") = "MusicApp.Data.Models", "MusicApp.Data.Models\MusicApp.Data.Models.csproj", "{B7D559BB-C6E4-4CED-959D-64C993041730}"
EndProject
Global
	GlobalSection(SolutionConfigurationPlatforms) = preSolution
		Debug|Any CPU = Debug|Any CPU
		Release|Any CPU = Release|Any CPU
	EndGlobalSection
	GlobalSection(ProjectConfigurationPlatforms) = postSolution
		{A771078C-AB46-4E56-A212-3AC33EC9A22C}.Debug|Any CPU.ActiveCfg = Debug|Any CPU
		{A771078C-AB46-4E56-A212-3AC33EC9A22C}.Debug|Any CPU.Build.0 = Debug|Any CPU
		{A771078C-AB46-4E56-A212-3AC33EC9A22C}.Release|Any CPU.ActiveCfg = Release|Any CPU
		{A771078C-AB46-4E56-A212-3AC33EC9A22C}.Release|Any CPU.Build.0 = Release|Any CPU
		{4EF72876-A8B1-4406-8F2D-8E4604894961}.Debug|Any CPU.ActiveCfg = Debug|Any CPU
		{4EF72876-A8B1-4406-8F2D-8E4604894961}.Debug|Any CPU.Build.0 = Debug|Any CPU
		{4EF72876-A8B1-4406-8F2D-8E4604894961}.Release|Any CPU.ActiveCfg = Release|Any CPU
		{4EF72876-A8B1-4406-8F2D-8E4604894961}.Release|Any CPU.Build.0 = Release|Any CPU
		{B7D559BB-C6E4-4CED-959D-64C993041730}.Debug|Any CPU.ActiveCfg = Debug|Any CPU
		{B7D559BB-C6E4-4CED-959D-64C993041730}.Debug|Any CPU.Build.0 = Debug|Any CPU
		{B7D559BB-C6E4-4CED-959D-64C993041730}.Release|Any CPU.ActiveCfg = Release|Any CPU
		{B7D559BB-C6E4-4CED-959D-64C993041730}.Release|Any CPU.Build.0 = Release|Any CPU
	EndGlobalSection
	GlobalSection(SolutionProperties) = preSolution
		HideSolutionNode = FALSE
	EndGlobalSection
EndGlobal
